<?xml version="1.0" encoding="utf-8"?>
<Project ToolsVersion="4.0" xmlns="http://schemas.microsoft.com/developer/msbuild/2003">
  <ItemGroup>
    <Filter Include="include">
      <UniqueIdentifier>{22c80426-6294-4dc8-b2bd-3d350a2888f9}</UniqueIdentifier>
    </Filter>
  </ItemGroup>
  <ItemGroup>
    <ClInclude Include="..\live555\groupsock\include\GroupEId.hh">
      <Filter>include</Filter>
    </ClInclude>
    <ClInclude Include="..\live555\groupsock\include\Groupsock.hh">
      <Filter>include</Filter>
    </ClInclude>
    <ClInclude Include="..\live555\groupsock\include\groupsock_version.hh">
      <Filter>include</Filter>
    </ClInclude>
    <ClInclude Include="..\live555\groupsock\include\GroupsockHelper.hh">
      <Filter>include</Filter>
    </ClInclude>
    <ClInclude Include="..\live555\groupsock\include\IOHandlers.hh">
      <Filter>include</Filter>
    </ClInclude>
    <ClInclude Include="..\live555\groupsock\include\NetAddress.hh">
      <Filter>include</Filter>
    </ClInclude>
    <ClInclude Include="..\live555\groupsock\include\NetCommon.h">
      <Filter>include</Filter>
    </ClInclude>
    <ClInclude Include="..\live555\groupsock\include\NetInterface.hh">
      <Filter>include</Filter>
    </ClInclude>
    <ClInclude Include="..\live555\groupsock\include\TunnelEncaps.hh">
      <Filter>include</Filter>
    </ClInclude>
  </ItemGroup>
  <ItemGroup>
    <ClCompile Include="..\live555\groupsock\GroupEId.cpp" />
    <ClCompile Include="..\live555\groupsock\Groupsock.cpp" />
    <ClCompile Include="..\live555\groupsock\GroupsockHelper.cpp" />
    <ClCompile Include="..\live555\groupsock\inet.c" />
    <ClCompile Include="..\live555\groupsock\IOHandlers.cpp" />
    <ClCompile Include="..\live555\groupsock\NetAddress.cpp" />
    <ClCompile Include="..\live555\groupsock\NetInterface.cpp" />
  </ItemGroup>
  <ItemGroup>
    <None Include="..\live555\groupsock\COPYING" />
    <None Include="..\live555\groupsock\COPYING.LESSER" />
    <None Include="..\live555\groupsock\Makefile.head" />
    <None Include="..\live555\groupsock\Makefile.tail" />
  </ItemGroup>
</Project>