<?xml version="1.0" encoding="utf-8"?>
<Project ToolsVersion="4.0" xmlns="http://schemas.microsoft.com/developer/msbuild/2003">
  <ItemGroup>
    <Filter Include="include">
      <UniqueIdentifier>{69ebaa11-7e0c-4fd4-908a-92c5873be5df}</UniqueIdentifier>
    </Filter>
  </ItemGroup>
  <ItemGroup>
    <ClInclude Include="..\live555\BasicUsageEnvironment\include\BasicHashTable.hh">
      <Filter>include</Filter>
    </ClInclude>
    <ClInclude Include="..\live555\BasicUsageEnvironment\include\BasicUsageEnvironment.hh">
      <Filter>include</Filter>
    </ClInclude>
    <ClInclude Include="..\live555\BasicUsageEnvironment\include\BasicUsageEnvironment_version.hh">
      <Filter>include</Filter>
    </ClInclude>
    <ClInclude Include="..\live555\BasicUsageEnvironment\include\BasicUsageEnvironment0.hh">
      <Filter>include</Filter>
    </ClInclude>
    <ClInclude Include="..\live555\BasicUsageEnvironment\include\DelayQueue.hh">
      <Filter>include</Filter>
    </ClInclude>
    <ClInclude Include="..\live555\BasicUsageEnvironment\include\HandlerSet.hh">
      <Filter>include</Filter>
    </ClInclude>
  </ItemGroup>
  <ItemGroup>
    <ClCompile Include="..\live555\BasicUsageEnvironment\BasicHashTable.cpp" />
    <ClCompile Include="..\live555\BasicUsageEnvironment\BasicTaskScheduler.cpp" />
    <ClCompile Include="..\live555\BasicUsageEnvironment\BasicTaskScheduler0.cpp" />
    <ClCompile Include="..\live555\BasicUsageEnvironment\BasicUsageEnvironment.cpp" />
    <ClCompile Include="..\live555\BasicUsageEnvironment\BasicUsageEnvironment0.cpp" />
    <ClCompile Include="..\live555\BasicUsageEnvironment\DelayQueue.cpp" />
  </ItemGroup>
  <ItemGroup>
    <None Include="..\live555\BasicUsageEnvironment\COPYING" />
    <None Include="..\live555\BasicUsageEnvironment\COPYING.LESSER" />
    <None Include="..\live555\BasicUsageEnvironment\Makefile.head" />
    <None Include="..\live555\BasicUsageEnvironment\Makefile.tail" />
  </ItemGroup>
</Project>